// !$*UTF8*$!
{
	archiveVersion = 1;
	classes = {
	};
	objectVersion = 46;
	objects = {

/* Begin PBXBuildFile section */
		4C0C1357A26AC321C2A6F2D0 /* Pods_Think_Every_Day.framework in Frameworks */ = {isa = PBXBuildFile; fileRef = 2C2D27B0746DC62297516473 /* Pods_Think_Every_Day.framework */; };
		8A252E611DA83191000F0FF6 /* CustomQuestionViewController.swift in Sources */ = {isa = PBXBuildFile; fileRef = 8A252E601DA83191000F0FF6 /* CustomQuestionViewController.swift */; };
		8A252E631DA83283000F0FF6 /* EditAnswerViewController.swift in Sources */ = {isa = PBXBuildFile; fileRef = 8A252E621DA83283000F0FF6 /* EditAnswerViewController.swift */; };
		8A252E651DA84897000F0FF6 /* NetworkingService.swift in Sources */ = {isa = PBXBuildFile; fileRef = 8A252E641DA84897000F0FF6 /* NetworkingService.swift */; };
		8A4C45E01DA484E100F5A926 /* GoogleService-Info.plist in Resources */ = {isa = PBXBuildFile; fileRef = 8A4C45DF1DA484E100F5A926 /* GoogleService-Info.plist */; };
		8A4C45E11DA484E100F5A926 /* GoogleService-Info.plist in Resources */ = {isa = PBXBuildFile; fileRef = 8A4C45DF1DA484E100F5A926 /* GoogleService-Info.plist */; };
		8A4C45E21DA484E100F5A926 /* GoogleService-Info.plist in Resources */ = {isa = PBXBuildFile; fileRef = 8A4C45DF1DA484E100F5A926 /* GoogleService-Info.plist */; };
		8A7878A41D94752F0062EF79 /* AppDelegate.swift in Sources */ = {isa = PBXBuildFile; fileRef = 8A7878A31D94752F0062EF79 /* AppDelegate.swift */; };
		8A7878A61D94752F0062EF79 /* TodayQuestionViewController.swift in Sources */ = {isa = PBXBuildFile; fileRef = 8A7878A51D94752F0062EF79 /* TodayQuestionViewController.swift */; };
		8A7878A81D94752F0062EF79 /* DiscoveryViewController.swift in Sources */ = {isa = PBXBuildFile; fileRef = 8A7878A71D94752F0062EF79 /* DiscoveryViewController.swift */; };
		8A7878AB1D94752F0062EF79 /* Main.storyboard in Resources */ = {isa = PBXBuildFile; fileRef = 8A7878A91D94752F0062EF79 /* Main.storyboard */; };
		8A7878AD1D94752F0062EF79 /* Assets.xcassets in Resources */ = {isa = PBXBuildFile; fileRef = 8A7878AC1D94752F0062EF79 /* Assets.xcassets */; };
		8A7878B01D94752F0062EF79 /* LaunchScreen.storyboard in Resources */ = {isa = PBXBuildFile; fileRef = 8A7878AE1D94752F0062EF79 /* LaunchScreen.storyboard */; };
		8A7878BB1D94752F0062EF79 /* Think_Every_DayTests.swift in Sources */ = {isa = PBXBuildFile; fileRef = 8A7878BA1D94752F0062EF79 /* Think_Every_DayTests.swift */; };
		8A7878C61D94752F0062EF79 /* Think_Every_DayUITests.swift in Sources */ = {isa = PBXBuildFile; fileRef = 8A7878C51D94752F0062EF79 /* Think_Every_DayUITests.swift */; };
		CE12228A1DB66DE2009B65A7 /* AnswerHistoryTableViewController.swift in Sources */ = {isa = PBXBuildFile; fileRef = CE1222891DB66DE2009B65A7 /* AnswerHistoryTableViewController.swift */; };
		CE12228C1DB67120009B65A7 /* InfoEditViewController.swift in Sources */ = {isa = PBXBuildFile; fileRef = CE12228B1DB6711F009B65A7 /* InfoEditViewController.swift */; };
		CE12228E1DB67464009B65A7 /* AchievementTableViewController.swift in Sources */ = {isa = PBXBuildFile; fileRef = CE12228D1DB67464009B65A7 /* AchievementTableViewController.swift */; };
		CE1222901DB674F8009B65A7 /* SettingsTableViewController.swift in Sources */ = {isa = PBXBuildFile; fileRef = CE12228F1DB674F8009B65A7 /* SettingsTableViewController.swift */; };
		CE1C01121DAED860001D55BA /* FBSDKCoreKit.framework in Frameworks */ = {isa = PBXBuildFile; fileRef = CE1C01111DAED860001D55BA /* FBSDKCoreKit.framework */; };
		CE1C01151DAED876001D55BA /* Bolts.framework in Frameworks */ = {isa = PBXBuildFile; fileRef = CE1C01131DAED876001D55BA /* Bolts.framework */; };
		CE1C01161DAED876001D55BA /* FBSDKShareKit.framework in Frameworks */ = {isa = PBXBuildFile; fileRef = CE1C01141DAED876001D55BA /* FBSDKShareKit.framework */; };
		CE6469521DA193EC00D03D26 /* ViewController.swift in Sources */ = {isa = PBXBuildFile; fileRef = CE6469511DA193EC00D03D26 /* ViewController.swift */; };
		CE6469561DA2DF3D00D03D26 /* SignInViewController.swift in Sources */ = {isa = PBXBuildFile; fileRef = CE6469551DA2DF3D00D03D26 /* SignInViewController.swift */; };
		CE6469581DA2DF6300D03D26 /* SignUpViewController.swift in Sources */ = {isa = PBXBuildFile; fileRef = CE6469571DA2DF6300D03D26 /* SignUpViewController.swift */; };
		CE64695A1DA2DF9500D03D26 /* ForgotPasswordViewController.swift in Sources */ = {isa = PBXBuildFile; fileRef = CE6469591DA2DF9500D03D26 /* ForgotPasswordViewController.swift */; };
		CE64695C1DA2E7B200D03D26 /* NotificationViewController.swift in Sources */ = {isa = PBXBuildFile; fileRef = CE64695B1DA2E7B200D03D26 /* NotificationViewController.swift */; };
		CE64695E1DA2E7D900D03D26 /* AccountViewController.swift in Sources */ = {isa = PBXBuildFile; fileRef = CE64695D1DA2E7D900D03D26 /* AccountViewController.swift */; };
		CE92E8531DA1895D00ED3EAE /* Utilities.swift in Sources */ = {isa = PBXBuildFile; fileRef = CE92E8521DA1895D00ED3EAE /* Utilities.swift */; };
		CEEE62521DB55B2300EA8DC2 /* FBSDKLoginKit.framework in Frameworks */ = {isa = PBXBuildFile; fileRef = CEEE62501DB55A4E00EA8DC2 /* FBSDKLoginKit.framework */; };
/* End PBXBuildFile section */

/* Begin PBXContainerItemProxy section */
		8A7878B71D94752F0062EF79 /* PBXContainerItemProxy */ = {
			isa = PBXContainerItemProxy;
			containerPortal = 8A7878981D94752E0062EF79 /* Project object */;
			proxyType = 1;
			remoteGlobalIDString = 8A78789F1D94752E0062EF79;
			remoteInfo = "Think Every Day";
		};
		8A7878C21D94752F0062EF79 /* PBXContainerItemProxy */ = {
			isa = PBXContainerItemProxy;
			containerPortal = 8A7878981D94752E0062EF79 /* Project object */;
			proxyType = 1;
			remoteGlobalIDString = 8A78789F1D94752E0062EF79;
			remoteInfo = "Think Every Day";
		};
/* End PBXContainerItemProxy section */

/* Begin PBXFileReference section */
		07A5569EC9AB30E4DEE29451 /* Pods-Think Every Day.debug.xcconfig */ = {isa = PBXFileReference; includeInIndex = 1; lastKnownFileType = text.xcconfig; name = "Pods-Think Every Day.debug.xcconfig"; path = "Pods/Target Support Files/Pods-Think Every Day/Pods-Think Every Day.debug.xcconfig"; sourceTree = "<group>"; };
		2C2D27B0746DC62297516473 /* Pods_Think_Every_Day.framework */ = {isa = PBXFileReference; explicitFileType = wrapper.framework; includeInIndex = 0; path = Pods_Think_Every_Day.framework; sourceTree = BUILT_PRODUCTS_DIR; };
		8A252E601DA83191000F0FF6 /* CustomQuestionViewController.swift */ = {isa = PBXFileReference; fileEncoding = 4; lastKnownFileType = sourcecode.swift; path = CustomQuestionViewController.swift; sourceTree = "<group>"; };
		8A252E621DA83283000F0FF6 /* EditAnswerViewController.swift */ = {isa = PBXFileReference; fileEncoding = 4; lastKnownFileType = sourcecode.swift; path = EditAnswerViewController.swift; sourceTree = "<group>"; };
		8A252E641DA84897000F0FF6 /* NetworkingService.swift */ = {isa = PBXFileReference; fileEncoding = 4; lastKnownFileType = sourcecode.swift; path = NetworkingService.swift; sourceTree = "<group>"; };
		8A4C45DF1DA484E100F5A926 /* GoogleService-Info.plist */ = {isa = PBXFileReference; fileEncoding = 4; lastKnownFileType = text.plist.xml; name = "GoogleService-Info.plist"; path = "Think Every Day/GoogleService-Info.plist"; sourceTree = SOURCE_ROOT; };
		8A7878A01D94752F0062EF79 /* Think Every Day.app */ = {isa = PBXFileReference; explicitFileType = wrapper.application; includeInIndex = 0; path = "Think Every Day.app"; sourceTree = BUILT_PRODUCTS_DIR; };
		8A7878A31D94752F0062EF79 /* AppDelegate.swift */ = {isa = PBXFileReference; lastKnownFileType = sourcecode.swift; name = AppDelegate.swift; path = "Think Every Day/AppDelegate.swift"; sourceTree = SOURCE_ROOT; };
		8A7878A51D94752F0062EF79 /* TodayQuestionViewController.swift */ = {isa = PBXFileReference; lastKnownFileType = sourcecode.swift; path = TodayQuestionViewController.swift; sourceTree = "<group>"; };
		8A7878A71D94752F0062EF79 /* DiscoveryViewController.swift */ = {isa = PBXFileReference; lastKnownFileType = sourcecode.swift; path = DiscoveryViewController.swift; sourceTree = "<group>"; };
		8A7878AA1D94752F0062EF79 /* Base */ = {isa = PBXFileReference; lastKnownFileType = file.storyboard; name = Base; path = Base.lproj/Main.storyboard; sourceTree = "<group>"; };
		8A7878AC1D94752F0062EF79 /* Assets.xcassets */ = {isa = PBXFileReference; lastKnownFileType = folder.assetcatalog; name = Assets.xcassets; path = "Think Every Day/Assets.xcassets"; sourceTree = SOURCE_ROOT; };
		8A7878AF1D94752F0062EF79 /* Base */ = {isa = PBXFileReference; lastKnownFileType = file.storyboard; name = Base; path = Base.lproj/LaunchScreen.storyboard; sourceTree = "<group>"; };
		8A7878B11D94752F0062EF79 /* Info.plist */ = {isa = PBXFileReference; lastKnownFileType = text.plist.xml; name = Info.plist; path = "Think Every Day/Info.plist"; sourceTree = SOURCE_ROOT; };
		8A7878B61D94752F0062EF79 /* Think Every DayTests.xctest */ = {isa = PBXFileReference; explicitFileType = wrapper.cfbundle; includeInIndex = 0; path = "Think Every DayTests.xctest"; sourceTree = BUILT_PRODUCTS_DIR; };
		8A7878BA1D94752F0062EF79 /* Think_Every_DayTests.swift */ = {isa = PBXFileReference; lastKnownFileType = sourcecode.swift; path = Think_Every_DayTests.swift; sourceTree = "<group>"; };
		8A7878BC1D94752F0062EF79 /* Info.plist */ = {isa = PBXFileReference; lastKnownFileType = text.plist.xml; path = Info.plist; sourceTree = "<group>"; };
		8A7878C11D94752F0062EF79 /* Think Every DayUITests.xctest */ = {isa = PBXFileReference; explicitFileType = wrapper.cfbundle; includeInIndex = 0; path = "Think Every DayUITests.xctest"; sourceTree = BUILT_PRODUCTS_DIR; };
		8A7878C51D94752F0062EF79 /* Think_Every_DayUITests.swift */ = {isa = PBXFileReference; lastKnownFileType = sourcecode.swift; path = Think_Every_DayUITests.swift; sourceTree = "<group>"; };
		8A7878C71D94752F0062EF79 /* Info.plist */ = {isa = PBXFileReference; lastKnownFileType = text.plist.xml; path = Info.plist; sourceTree = "<group>"; };
		CE1222891DB66DE2009B65A7 /* AnswerHistoryTableViewController.swift */ = {isa = PBXFileReference; fileEncoding = 4; lastKnownFileType = sourcecode.swift; path = AnswerHistoryTableViewController.swift; sourceTree = "<group>"; };
		CE12228B1DB6711F009B65A7 /* InfoEditViewController.swift */ = {isa = PBXFileReference; fileEncoding = 4; lastKnownFileType = sourcecode.swift; path = InfoEditViewController.swift; sourceTree = "<group>"; };
		CE12228D1DB67464009B65A7 /* AchievementTableViewController.swift */ = {isa = PBXFileReference; fileEncoding = 4; lastKnownFileType = sourcecode.swift; path = AchievementTableViewController.swift; sourceTree = "<group>"; };
		CE12228F1DB674F8009B65A7 /* SettingsTableViewController.swift */ = {isa = PBXFileReference; fileEncoding = 4; lastKnownFileType = sourcecode.swift; path = SettingsTableViewController.swift; sourceTree = "<group>"; };
		CE1C01111DAED860001D55BA /* FBSDKCoreKit.framework */ = {isa = PBXFileReference; lastKnownFileType = wrapper.framework; name = FBSDKCoreKit.framework; path = ../../../../Documents/FacebookSDK/FBSDKCoreKit.framework; sourceTree = "<group>"; };
		CE1C01131DAED876001D55BA /* Bolts.framework */ = {isa = PBXFileReference; lastKnownFileType = wrapper.framework; name = Bolts.framework; path = ../../../../Documents/FacebookSDK/Bolts.framework; sourceTree = "<group>"; };
		CE1C01141DAED876001D55BA /* FBSDKShareKit.framework */ = {isa = PBXFileReference; lastKnownFileType = wrapper.framework; name = FBSDKShareKit.framework; path = ../../../../Documents/FacebookSDK/FBSDKShareKit.framework; sourceTree = "<group>"; };
		CE1C01171DAED9AB001D55BA /* Think Every Day.entitlements */ = {isa = PBXFileReference; lastKnownFileType = text.plist.entitlements; path = "Think Every Day.entitlements"; sourceTree = "<group>"; };
		CE6469511DA193EC00D03D26 /* ViewController.swift */ = {isa = PBXFileReference; fileEncoding = 4; lastKnownFileType = sourcecode.swift; name = ViewController.swift; path = "Think Every Day/ViewController.swift"; sourceTree = SOURCE_ROOT; };
		CE6469551DA2DF3D00D03D26 /* SignInViewController.swift */ = {isa = PBXFileReference; fileEncoding = 4; lastKnownFileType = sourcecode.swift; name = SignInViewController.swift; path = "Think Every Day/SignInViewController.swift"; sourceTree = SOURCE_ROOT; };
		CE6469571DA2DF6300D03D26 /* SignUpViewController.swift */ = {isa = PBXFileReference; fileEncoding = 4; lastKnownFileType = sourcecode.swift; name = SignUpViewController.swift; path = "Think Every Day/SignUpViewController.swift"; sourceTree = SOURCE_ROOT; };
		CE6469591DA2DF9500D03D26 /* ForgotPasswordViewController.swift */ = {isa = PBXFileReference; fileEncoding = 4; lastKnownFileType = sourcecode.swift; name = ForgotPasswordViewController.swift; path = "Think Every Day/ForgotPasswordViewController.swift"; sourceTree = SOURCE_ROOT; };
		CE64695B1DA2E7B200D03D26 /* NotificationViewController.swift */ = {isa = PBXFileReference; fileEncoding = 4; lastKnownFileType = sourcecode.swift; path = NotificationViewController.swift; sourceTree = "<group>"; };
		CE64695D1DA2E7D900D03D26 /* AccountViewController.swift */ = {isa = PBXFileReference; fileEncoding = 4; lastKnownFileType = sourcecode.swift; path = AccountViewController.swift; sourceTree = "<group>"; };
		CE7F0F3D1DA5140700ED3799 /* Think Every Day-Bridging-Header.h */ = {isa = PBXFileReference; lastKnownFileType = sourcecode.c.h; path = "Think Every Day-Bridging-Header.h"; sourceTree = "<group>"; };
		CE92E8521DA1895D00ED3EAE /* Utilities.swift */ = {isa = PBXFileReference; fileEncoding = 4; lastKnownFileType = sourcecode.swift; name = Utilities.swift; path = "Think Every Day/Utilities.swift"; sourceTree = SOURCE_ROOT; };
		CEEE62501DB55A4E00EA8DC2 /* FBSDKLoginKit.framework */ = {isa = PBXFileReference; lastKnownFileType = wrapper.framework; name = FBSDKLoginKit.framework; path = ../../../../Documents/FacebookSDK/FBSDKLoginKit.framework; sourceTree = "<group>"; };
		E8543714E5148043F862FE43 /* Pods-Think Every Day.release.xcconfig */ = {isa = PBXFileReference; includeInIndex = 1; lastKnownFileType = text.xcconfig; name = "Pods-Think Every Day.release.xcconfig"; path = "Pods/Target Support Files/Pods-Think Every Day/Pods-Think Every Day.release.xcconfig"; sourceTree = "<group>"; };
/* End PBXFileReference section */

/* Begin PBXFrameworksBuildPhase section */
		8A78789D1D94752E0062EF79 /* Frameworks */ = {
			isa = PBXFrameworksBuildPhase;
			buildActionMask = 2147483647;
			files = (
				4C0C1357A26AC321C2A6F2D0 /* Pods_Think_Every_Day.framework in Frameworks */,
				CE1C01161DAED876001D55BA /* FBSDKShareKit.framework in Frameworks */,
				CEEE62521DB55B2300EA8DC2 /* FBSDKLoginKit.framework in Frameworks */,
				CE1C01121DAED860001D55BA /* FBSDKCoreKit.framework in Frameworks */,
				CE1C01151DAED876001D55BA /* Bolts.framework in Frameworks */,
			);
			runOnlyForDeploymentPostprocessing = 0;
		};
		8A7878B31D94752F0062EF79 /* Frameworks */ = {
			isa = PBXFrameworksBuildPhase;
			buildActionMask = 2147483647;
			files = (
			);
			runOnlyForDeploymentPostprocessing = 0;
		};
		8A7878BE1D94752F0062EF79 /* Frameworks */ = {
			isa = PBXFrameworksBuildPhase;
			buildActionMask = 2147483647;
			files = (
			);
			runOnlyForDeploymentPostprocessing = 0;
		};
/* End PBXFrameworksBuildPhase section */

/* Begin PBXGroup section */
		5DD8ED0AA28C5A2363A11D1B /* Pods */ = {
			isa = PBXGroup;
			children = (
				07A5569EC9AB30E4DEE29451 /* Pods-Think Every Day.debug.xcconfig */,
				E8543714E5148043F862FE43 /* Pods-Think Every Day.release.xcconfig */,
			);
			name = Pods;
			sourceTree = "<group>";
		};
		885B76B3AF44D4F4FD1BC300 /* Frameworks */ = {
			isa = PBXGroup;
			children = (
				CEEE62501DB55A4E00EA8DC2 /* FBSDKLoginKit.framework */,
				CE1C01131DAED876001D55BA /* Bolts.framework */,
				CE1C01141DAED876001D55BA /* FBSDKShareKit.framework */,
				CE1C01111DAED860001D55BA /* FBSDKCoreKit.framework */,
				2C2D27B0746DC62297516473 /* Pods_Think_Every_Day.framework */,
			);
			name = Frameworks;
			sourceTree = "<group>";
		};
		8A4C45A41DA42EF200F5A926 /* SignIn */ = {
			isa = PBXGroup;
			children = (
				CE6469551DA2DF3D00D03D26 /* SignInViewController.swift */,
				CE6469571DA2DF6300D03D26 /* SignUpViewController.swift */,
				CE6469591DA2DF9500D03D26 /* ForgotPasswordViewController.swift */,
			);
			name = SignIn;
			sourceTree = SOURCE_ROOT;
		};
		8A4C45A61DA42F4F00F5A926 /* TodayQ */ = {
			isa = PBXGroup;
			children = (
				8A7878A51D94752F0062EF79 /* TodayQuestionViewController.swift */,
				8A252E601DA83191000F0FF6 /* CustomQuestionViewController.swift */,
				8A252E621DA83283000F0FF6 /* EditAnswerViewController.swift */,
			);
			name = TodayQ;
			sourceTree = "<group>";
		};
		8A4C45A71DA42F6300F5A926 /* Discover */ = {
			isa = PBXGroup;
			children = (
				8A7878A71D94752F0062EF79 /* DiscoveryViewController.swift */,
			);
			name = Discover;
			sourceTree = "<group>";
		};
		8A4C45A81DA42F6E00F5A926 /* Notification */ = {
			isa = PBXGroup;
			children = (
				CE64695B1DA2E7B200D03D26 /* NotificationViewController.swift */,
			);
			name = Notification;
			sourceTree = "<group>";
		};
		8A4C45A91DA42F7B00F5A926 /* Account */ = {
			isa = PBXGroup;
			children = (
				CE64695D1DA2E7D900D03D26 /* AccountViewController.swift */,
				CE1222891DB66DE2009B65A7 /* AnswerHistoryTableViewController.swift */,
				CE12228B1DB6711F009B65A7 /* InfoEditViewController.swift */,
				CE12228D1DB67464009B65A7 /* AchievementTableViewController.swift */,
				CE12228F1DB674F8009B65A7 /* SettingsTableViewController.swift */,
			);
			name = Account;
			sourceTree = "<group>";
		};
		8A4C45CE1DA4585E00F5A926 /* AppWide */ = {
			isa = PBXGroup;
			children = (
				CE92E8521DA1895D00ED3EAE /* Utilities.swift */,
				8A252E641DA84897000F0FF6 /* NetworkingService.swift */,
			);
			name = AppWide;
			sourceTree = "<group>";
		};
		8A7878971D94752E0062EF79 = {
			isa = PBXGroup;
			children = (
				8A7878A21D94752F0062EF79 /* Think Every Day */,
				8A7878B91D94752F0062EF79 /* Think Every DayTests */,
				8A7878C41D94752F0062EF79 /* Think Every DayUITests */,
				8A7878A11D94752F0062EF79 /* Products */,
				885B76B3AF44D4F4FD1BC300 /* Frameworks */,
				5DD8ED0AA28C5A2363A11D1B /* Pods */,
			);
			sourceTree = "<group>";
		};
		8A7878A11D94752F0062EF79 /* Products */ = {
			isa = PBXGroup;
			children = (
				8A7878A01D94752F0062EF79 /* Think Every Day.app */,
				8A7878B61D94752F0062EF79 /* Think Every DayTests.xctest */,
				8A7878C11D94752F0062EF79 /* Think Every DayUITests.xctest */,
			);
			name = Products;
			sourceTree = "<group>";
		};
		8A7878A21D94752F0062EF79 /* Think Every Day */ = {
			isa = PBXGroup;
			children = (
				CE1C01171DAED9AB001D55BA /* Think Every Day.entitlements */,
				8A7878A31D94752F0062EF79 /* AppDelegate.swift */,
				CE6469511DA193EC00D03D26 /* ViewController.swift */,
				8A7878A91D94752F0062EF79 /* Main.storyboard */,
				8A7878AC1D94752F0062EF79 /* Assets.xcassets */,
				8A7878AE1D94752F0062EF79 /* LaunchScreen.storyboard */,
				8A7878B11D94752F0062EF79 /* Info.plist */,
				8A4C45DF1DA484E100F5A926 /* GoogleService-Info.plist */,
				8A4C45CE1DA4585E00F5A926 /* AppWide */,
				8A4C45A41DA42EF200F5A926 /* SignIn */,
				8A4C45A61DA42F4F00F5A926 /* TodayQ */,
				8A4C45A81DA42F6E00F5A926 /* Notification */,
				8A4C45A71DA42F6300F5A926 /* Discover */,
				8A4C45A91DA42F7B00F5A926 /* Account */,
				CE7F0F3D1DA5140700ED3799 /* Think Every Day-Bridging-Header.h */,
			);
			path = "Think Every Day";
			sourceTree = SOURCE_ROOT;
		};
		8A7878B91D94752F0062EF79 /* Think Every DayTests */ = {
			isa = PBXGroup;
			children = (
				8A7878BA1D94752F0062EF79 /* Think_Every_DayTests.swift */,
				8A7878BC1D94752F0062EF79 /* Info.plist */,
			);
			path = "Think Every DayTests";
			sourceTree = "<group>";
		};
		8A7878C41D94752F0062EF79 /* Think Every DayUITests */ = {
			isa = PBXGroup;
			children = (
				8A7878C51D94752F0062EF79 /* Think_Every_DayUITests.swift */,
				8A7878C71D94752F0062EF79 /* Info.plist */,
			);
			path = "Think Every DayUITests";
			sourceTree = "<group>";
		};
/* End PBXGroup section */

/* Begin PBXNativeTarget section */
		8A78789F1D94752E0062EF79 /* Think Every Day */ = {
			isa = PBXNativeTarget;
			buildConfigurationList = 8A7878CA1D94752F0062EF79 /* Build configuration list for PBXNativeTarget "Think Every Day" */;
			buildPhases = (
				848718EFCF207385DEBC7FFB /* [CP] Check Pods Manifest.lock */,
				8A78789C1D94752E0062EF79 /* Sources */,
				8A78789D1D94752E0062EF79 /* Frameworks */,
				8A78789E1D94752E0062EF79 /* Resources */,
				109F81C32065FAEAED6DAFA2 /* [CP] Embed Pods Frameworks */,
				33C56577674490B91658C6A1 /* [CP] Copy Pods Resources */,
			);
			buildRules = (
			);
			dependencies = (
			);
			name = "Think Every Day";
			productName = "Think Every Day";
			productReference = 8A7878A01D94752F0062EF79 /* Think Every Day.app */;
			productType = "com.apple.product-type.application";
		};
		8A7878B51D94752F0062EF79 /* Think Every DayTests */ = {
			isa = PBXNativeTarget;
			buildConfigurationList = 8A7878CD1D94752F0062EF79 /* Build configuration list for PBXNativeTarget "Think Every DayTests" */;
			buildPhases = (
				8A7878B21D94752F0062EF79 /* Sources */,
				8A7878B31D94752F0062EF79 /* Frameworks */,
				8A7878B41D94752F0062EF79 /* Resources */,
			);
			buildRules = (
			);
			dependencies = (
				8A7878B81D94752F0062EF79 /* PBXTargetDependency */,
			);
			name = "Think Every DayTests";
			productName = "Think Every DayTests";
			productReference = 8A7878B61D94752F0062EF79 /* Think Every DayTests.xctest */;
			productType = "com.apple.product-type.bundle.unit-test";
		};
		8A7878C01D94752F0062EF79 /* Think Every DayUITests */ = {
			isa = PBXNativeTarget;
			buildConfigurationList = 8A7878D01D94752F0062EF79 /* Build configuration list for PBXNativeTarget "Think Every DayUITests" */;
			buildPhases = (
				8A7878BD1D94752F0062EF79 /* Sources */,
				8A7878BE1D94752F0062EF79 /* Frameworks */,
				8A7878BF1D94752F0062EF79 /* Resources */,
			);
			buildRules = (
			);
			dependencies = (
				8A7878C31D94752F0062EF79 /* PBXTargetDependency */,
			);
			name = "Think Every DayUITests";
			productName = "Think Every DayUITests";
			productReference = 8A7878C11D94752F0062EF79 /* Think Every DayUITests.xctest */;
			productType = "com.apple.product-type.bundle.ui-testing";
		};
/* End PBXNativeTarget section */

/* Begin PBXProject section */
		8A7878981D94752E0062EF79 /* Project object */ = {
			isa = PBXProject;
			attributes = {
				LastSwiftUpdateCheck = 0800;
				LastUpgradeCheck = 0800;
				ORGANIZATIONNAME = TED;
				TargetAttributes = {
					8A78789F1D94752E0062EF79 = {
						CreatedOnToolsVersion = 8.0;
						LastSwiftMigration = 0800;
						ProvisioningStyle = Manual;
						SystemCapabilities = {
							com.apple.Keychain = {
								enabled = 1;
							};
						};
					};
					8A7878B51D94752F0062EF79 = {
						CreatedOnToolsVersion = 8.0;
						DevelopmentTeam = 9SZY8LSBZM;
						ProvisioningStyle = Automatic;
						TestTargetID = 8A78789F1D94752E0062EF79;
					};
					8A7878C01D94752F0062EF79 = {
						CreatedOnToolsVersion = 8.0;
						DevelopmentTeam = 9SZY8LSBZM;
						ProvisioningStyle = Automatic;
						TestTargetID = 8A78789F1D94752E0062EF79;
					};
				};
			};
			buildConfigurationList = 8A78789B1D94752E0062EF79 /* Build configuration list for PBXProject "Think Every Day" */;
			compatibilityVersion = "Xcode 3.2";
			developmentRegion = English;
			hasScannedForEncodings = 0;
			knownRegions = (
				en,
				Base,
			);
			mainGroup = 8A7878971D94752E0062EF79;
			productRefGroup = 8A7878A11D94752F0062EF79 /* Products */;
			projectDirPath = "";
			projectRoot = "";
			targets = (
				8A78789F1D94752E0062EF79 /* Think Every Day */,
				8A7878B51D94752F0062EF79 /* Think Every DayTests */,
				8A7878C01D94752F0062EF79 /* Think Every DayUITests */,
			);
		};
/* End PBXProject section */

/* Begin PBXResourcesBuildPhase section */
		8A78789E1D94752E0062EF79 /* Resources */ = {
			isa = PBXResourcesBuildPhase;
			buildActionMask = 2147483647;
			files = (
				8A7878B01D94752F0062EF79 /* LaunchScreen.storyboard in Resources */,
				8A4C45E01DA484E100F5A926 /* GoogleService-Info.plist in Resources */,
				8A7878AD1D94752F0062EF79 /* Assets.xcassets in Resources */,
				8A7878AB1D94752F0062EF79 /* Main.storyboard in Resources */,
			);
			runOnlyForDeploymentPostprocessing = 0;
		};
		8A7878B41D94752F0062EF79 /* Resources */ = {
			isa = PBXResourcesBuildPhase;
			buildActionMask = 2147483647;
			files = (
				8A4C45E11DA484E100F5A926 /* GoogleService-Info.plist in Resources */,
			);
			runOnlyForDeploymentPostprocessing = 0;
		};
		8A7878BF1D94752F0062EF79 /* Resources */ = {
			isa = PBXResourcesBuildPhase;
			buildActionMask = 2147483647;
			files = (
				8A4C45E21DA484E100F5A926 /* GoogleService-Info.plist in Resources */,
			);
			runOnlyForDeploymentPostprocessing = 0;
		};
/* End PBXResourcesBuildPhase section */

/* Begin PBXShellScriptBuildPhase section */
		109F81C32065FAEAED6DAFA2 /* [CP] Embed Pods Frameworks */ = {
			isa = PBXShellScriptBuildPhase;
			buildActionMask = 2147483647;
			files = (
			);
			inputPaths = (
			);
			name = "[CP] Embed Pods Frameworks";
			outputPaths = (
			);
			runOnlyForDeploymentPostprocessing = 0;
			shellPath = /bin/sh;
			shellScript = "\"${SRCROOT}/Pods/Target Support Files/Pods-Think Every Day/Pods-Think Every Day-frameworks.sh\"\n";
			showEnvVarsInLog = 0;
		};
		33C56577674490B91658C6A1 /* [CP] Copy Pods Resources */ = {
			isa = PBXShellScriptBuildPhase;
			buildActionMask = 2147483647;
			files = (
			);
			inputPaths = (
			);
			name = "[CP] Copy Pods Resources";
			outputPaths = (
			);
			runOnlyForDeploymentPostprocessing = 0;
			shellPath = /bin/sh;
			shellScript = "\"${SRCROOT}/Pods/Target Support Files/Pods-Think Every Day/Pods-Think Every Day-resources.sh\"\n";
			showEnvVarsInLog = 0;
		};
		848718EFCF207385DEBC7FFB /* [CP] Check Pods Manifest.lock */ = {
			isa = PBXShellScriptBuildPhase;
			buildActionMask = 2147483647;
			files = (
			);
			inputPaths = (
			);
			name = "[CP] Check Pods Manifest.lock";
			outputPaths = (
			);
			runOnlyForDeploymentPostprocessing = 0;
			shellPath = /bin/sh;
			shellScript = "diff \"${PODS_ROOT}/../Podfile.lock\" \"${PODS_ROOT}/Manifest.lock\" > /dev/null\nif [[ $? != 0 ]] ; then\n    cat << EOM\nerror: The sandbox is not in sync with the Podfile.lock. Run 'pod install' or update your CocoaPods installation.\nEOM\n    exit 1\nfi\n";
			showEnvVarsInLog = 0;
		};
/* End PBXShellScriptBuildPhase section */

/* Begin PBXSourcesBuildPhase section */
		8A78789C1D94752E0062EF79 /* Sources */ = {
			isa = PBXSourcesBuildPhase;
			buildActionMask = 2147483647;
			files = (
				CE64695A1DA2DF9500D03D26 /* ForgotPasswordViewController.swift in Sources */,
				CE6469521DA193EC00D03D26 /* ViewController.swift in Sources */,
				CE6469581DA2DF6300D03D26 /* SignUpViewController.swift in Sources */,
				8A7878A81D94752F0062EF79 /* DiscoveryViewController.swift in Sources */,
				CE6469561DA2DF3D00D03D26 /* SignInViewController.swift in Sources */,
				CE12228C1DB67120009B65A7 /* InfoEditViewController.swift in Sources */,
				CE64695C1DA2E7B200D03D26 /* NotificationViewController.swift in Sources */,
				CE64695E1DA2E7D900D03D26 /* AccountViewController.swift in Sources */,
				8A7878A41D94752F0062EF79 /* AppDelegate.swift in Sources */,
				CE12228A1DB66DE2009B65A7 /* AnswerHistoryTableViewController.swift in Sources */,
				CE92E8531DA1895D00ED3EAE /* Utilities.swift in Sources */,
				8A252E651DA84897000F0FF6 /* NetworkingService.swift in Sources */,
				8A252E611DA83191000F0FF6 /* CustomQuestionViewController.swift in Sources */,
				CE12228E1DB67464009B65A7 /* AchievementTableViewController.swift in Sources */,
				CE1222901DB674F8009B65A7 /* SettingsTableViewController.swift in Sources */,
				8A252E631DA83283000F0FF6 /* EditAnswerViewController.swift in Sources */,
				8A7878A61D94752F0062EF79 /* TodayQuestionViewController.swift in Sources */,
			);
			runOnlyForDeploymentPostprocessing = 0;
		};
		8A7878B21D94752F0062EF79 /* Sources */ = {
			isa = PBXSourcesBuildPhase;
			buildActionMask = 2147483647;
			files = (
				8A7878BB1D94752F0062EF79 /* Think_Every_DayTests.swift in Sources */,
			);
			runOnlyForDeploymentPostprocessing = 0;
		};
		8A7878BD1D94752F0062EF79 /* Sources */ = {
			isa = PBXSourcesBuildPhase;
			buildActionMask = 2147483647;
			files = (
				8A7878C61D94752F0062EF79 /* Think_Every_DayUITests.swift in Sources */,
			);
			runOnlyForDeploymentPostprocessing = 0;
		};
/* End PBXSourcesBuildPhase section */

/* Begin PBXTargetDependency section */
		8A7878B81D94752F0062EF79 /* PBXTargetDependency */ = {
			isa = PBXTargetDependency;
			target = 8A78789F1D94752E0062EF79 /* Think Every Day */;
			targetProxy = 8A7878B71D94752F0062EF79 /* PBXContainerItemProxy */;
		};
		8A7878C31D94752F0062EF79 /* PBXTargetDependency */ = {
			isa = PBXTargetDependency;
			target = 8A78789F1D94752E0062EF79 /* Think Every Day */;
			targetProxy = 8A7878C21D94752F0062EF79 /* PBXContainerItemProxy */;
		};
/* End PBXTargetDependency section */

/* Begin PBXVariantGroup section */
		8A7878A91D94752F0062EF79 /* Main.storyboard */ = {
			isa = PBXVariantGroup;
			children = (
				8A7878AA1D94752F0062EF79 /* Base */,
			);
			name = Main.storyboard;
			sourceTree = "<group>";
		};
		8A7878AE1D94752F0062EF79 /* LaunchScreen.storyboard */ = {
			isa = PBXVariantGroup;
			children = (
				8A7878AF1D94752F0062EF79 /* Base */,
			);
			name = LaunchScreen.storyboard;
			sourceTree = "<group>";
		};
/* End PBXVariantGroup section */

/* Begin XCBuildConfiguration section */
		8A7878C81D94752F0062EF79 /* Debug */ = {
			isa = XCBuildConfiguration;
			buildSettings = {
				ALWAYS_SEARCH_USER_PATHS = YES;
				CLANG_ANALYZER_NONNULL = YES;
				CLANG_CXX_LANGUAGE_STANDARD = "gnu++0x";
				CLANG_CXX_LIBRARY = "libc++";
				CLANG_ENABLE_MODULES = YES;
				CLANG_ENABLE_OBJC_ARC = YES;
				CLANG_WARN_BOOL_CONVERSION = YES;
				CLANG_WARN_CONSTANT_CONVERSION = YES;
				CLANG_WARN_DIRECT_OBJC_ISA_USAGE = YES_ERROR;
				CLANG_WARN_DOCUMENTATION_COMMENTS = YES;
				CLANG_WARN_EMPTY_BODY = YES;
				CLANG_WARN_ENUM_CONVERSION = YES;
				CLANG_WARN_INFINITE_RECURSION = YES;
				CLANG_WARN_INT_CONVERSION = YES;
				CLANG_WARN_OBJC_ROOT_CLASS = YES_ERROR;
				CLANG_WARN_SUSPICIOUS_MOVE = YES;
				CLANG_WARN_SUSPICIOUS_MOVES = YES;
				CLANG_WARN_UNREACHABLE_CODE = YES;
				CLANG_WARN__DUPLICATE_METHOD_MATCH = YES;
				"CODE_SIGN_IDENTITY[sdk=iphoneos*]" = "iPhone Developer";
				COPY_PHASE_STRIP = NO;
				DEBUG_INFORMATION_FORMAT = dwarf;
				ENABLE_STRICT_OBJC_MSGSEND = YES;
				ENABLE_TESTABILITY = YES;
				FRAMEWORK_SEARCH_PATHS = "~/Documents/FacebookSDKs-iOS-4.16.0";
				GCC_C_LANGUAGE_STANDARD = gnu99;
				GCC_DYNAMIC_NO_PIC = NO;
				GCC_NO_COMMON_BLOCKS = YES;
				GCC_OPTIMIZATION_LEVEL = 0;
				GCC_PREPROCESSOR_DEFINITIONS = (
					"DEBUG=1",
					"$(inherited)",
				);
				GCC_WARN_64_TO_32_BIT_CONVERSION = YES;
				GCC_WARN_ABOUT_RETURN_TYPE = YES_ERROR;
				GCC_WARN_UNDECLARED_SELECTOR = YES;
				GCC_WARN_UNINITIALIZED_AUTOS = YES_AGGRESSIVE;
				GCC_WARN_UNUSED_FUNCTION = YES;
				GCC_WARN_UNUSED_VARIABLE = YES;
				IPHONEOS_DEPLOYMENT_TARGET = 10.0;
				MTL_ENABLE_DEBUG_INFO = YES;
				ONLY_ACTIVE_ARCH = YES;
				SDKROOT = iphoneos;
				SWIFT_ACTIVE_COMPILATION_CONDITIONS = DEBUG;
				SWIFT_OPTIMIZATION_LEVEL = "-Onone";
			};
			name = Debug;
		};
		8A7878C91D94752F0062EF79 /* Release */ = {
			isa = XCBuildConfiguration;
			buildSettings = {
				ALWAYS_SEARCH_USER_PATHS = YES;
				CLANG_ANALYZER_NONNULL = YES;
				CLANG_CXX_LANGUAGE_STANDARD = "gnu++0x";
				CLANG_CXX_LIBRARY = "libc++";
				CLANG_ENABLE_MODULES = YES;
				CLANG_ENABLE_OBJC_ARC = YES;
				CLANG_WARN_BOOL_CONVERSION = YES;
				CLANG_WARN_CONSTANT_CONVERSION = YES;
				CLANG_WARN_DIRECT_OBJC_ISA_USAGE = YES_ERROR;
				CLANG_WARN_DOCUMENTATION_COMMENTS = YES;
				CLANG_WARN_EMPTY_BODY = YES;
				CLANG_WARN_ENUM_CONVERSION = YES;
				CLANG_WARN_INFINITE_RECURSION = YES;
				CLANG_WARN_INT_CONVERSION = YES;
				CLANG_WARN_OBJC_ROOT_CLASS = YES_ERROR;
				CLANG_WARN_SUSPICIOUS_MOVE = YES;
				CLANG_WARN_SUSPICIOUS_MOVES = YES;
				CLANG_WARN_UNREACHABLE_CODE = YES;
				CLANG_WARN__DUPLICATE_METHOD_MATCH = YES;
				"CODE_SIGN_IDENTITY[sdk=iphoneos*]" = "iPhone Developer";
				COPY_PHASE_STRIP = NO;
				DEBUG_INFORMATION_FORMAT = "dwarf-with-dsym";
				ENABLE_NS_ASSERTIONS = NO;
				ENABLE_STRICT_OBJC_MSGSEND = YES;
				FRAMEWORK_SEARCH_PATHS = "~/Documents/FacebookSDKs-iOS-4.16.0";
				GCC_C_LANGUAGE_STANDARD = gnu99;
				GCC_NO_COMMON_BLOCKS = YES;
				GCC_WARN_64_TO_32_BIT_CONVERSION = YES;
				GCC_WARN_ABOUT_RETURN_TYPE = YES_ERROR;
				GCC_WARN_UNDECLARED_SELECTOR = YES;
				GCC_WARN_UNINITIALIZED_AUTOS = YES_AGGRESSIVE;
				GCC_WARN_UNUSED_FUNCTION = YES;
				GCC_WARN_UNUSED_VARIABLE = YES;
				IPHONEOS_DEPLOYMENT_TARGET = 10.0;
				MTL_ENABLE_DEBUG_INFO = NO;
				SDKROOT = iphoneos;
				SWIFT_OPTIMIZATION_LEVEL = "-Owholemodule";
				VALIDATE_PRODUCT = YES;
			};
			name = Release;
		};
		8A7878CB1D94752F0062EF79 /* Debug */ = {
			isa = XCBuildConfiguration;
			baseConfigurationReference = 07A5569EC9AB30E4DEE29451 /* Pods-Think Every Day.debug.xcconfig */;
			buildSettings = {
				ASSETCATALOG_COMPILER_APPICON_NAME = AppIcon;
				CLANG_ENABLE_MODULES = YES;
				CODE_SIGN_ENTITLEMENTS = "Think Every Day/Think Every Day.entitlements";
				DEVELOPMENT_TEAM = "";
				FRAMEWORK_SEARCH_PATHS = (
					"$(inherited)",
					"\"$PODS_CONFIGURATION_BUILD_DIR/Bolts\"",
					"\"$PODS_CONFIGURATION_BUILD_DIR/FBSDKCoreKit\"",
					"\"$PODS_CONFIGURATION_BUILD_DIR/FBSDKLoginKit\"",
					"\"${PODS_ROOT}/FirebaseAnalytics/Frameworks/frameworks\"",
					"\"${PODS_ROOT}/FirebaseAuth/Frameworks/frameworks\"",
					"\"${PODS_ROOT}/FirebaseCore/Frameworks/frameworks\"",
					"\"${PODS_ROOT}/FirebaseDatabase/Frameworks\"",
					"\"${PODS_ROOT}/FirebaseInstanceID/Frameworks/frameworks\"",
					"\"${PODS_ROOT}/FirebaseUI/FirebaseUIFrameworks/FirebaseAuthUI/Frameworks\"",
					"\"${PODS_ROOT}/FirebaseUI/FirebaseUIFrameworks/FirebaseDatabaseUI/Frameworks\"",
					"\"${PODS_ROOT}/FirebaseUI/FirebaseUIFrameworks/FirebaseFacebookAuthUI/Frameworks\"",
					"\"${PODS_ROOT}/FirebaseUI/FirebaseUIFrameworks/FirebaseGoogleAuthUI/Frameworks\"",
					"\"${PODS_ROOT}/GoogleAppUtilities/Frameworks/frameworks\"",
					"\"${PODS_ROOT}/GoogleAuthUtilities/Frameworks/frameworks\"",
					"\"${PODS_ROOT}/GoogleInterchangeUtilities/Frameworks/frameworks\"",
					"\"${PODS_ROOT}/GoogleNetworkingUtilities/Frameworks/frameworks\"",
					"\"${PODS_ROOT}/GoogleSignIn/Frameworks\"",
					"\"${PODS_ROOT}/GoogleSymbolUtilities/Frameworks/frameworks\"",
					"\"${PODS_ROOT}/GoogleUtilities/Frameworks/frameworks\"",
					"~/Documents/FacebookSDK",
				);
				INFOPLIST_FILE = "Think Every Day/Info.plist";
				LD_RUNPATH_SEARCH_PATHS = "$(inherited) @executable_path/Frameworks";
				PRODUCT_BUNDLE_IDENTIFIER = .com.thinkeveryday.ios;
				PRODUCT_NAME = "$(TARGET_NAME)";
				SWIFT_OBJC_BRIDGING_HEADER = "Think Every Day/Think Every Day-Bridging-Header.h";
				SWIFT_OPTIMIZATION_LEVEL = "-Onone";
				SWIFT_VERSION = 3.0;
			};
			name = Debug;
		};
		8A7878CC1D94752F0062EF79 /* Release */ = {
			isa = XCBuildConfiguration;
			baseConfigurationReference = E8543714E5148043F862FE43 /* Pods-Think Every Day.release.xcconfig */;
			buildSettings = {
				ASSETCATALOG_COMPILER_APPICON_NAME = AppIcon;
				CLANG_ENABLE_MODULES = YES;
				CODE_SIGN_ENTITLEMENTS = "Think Every Day/Think Every Day.entitlements";
				DEVELOPMENT_TEAM = "";
				FRAMEWORK_SEARCH_PATHS = (
					"$(inherited)",
					"\"$PODS_CONFIGURATION_BUILD_DIR/Bolts\"",
					"\"$PODS_CONFIGURATION_BUILD_DIR/FBSDKCoreKit\"",
					"\"$PODS_CONFIGURATION_BUILD_DIR/FBSDKLoginKit\"",
					"\"${PODS_ROOT}/FirebaseAnalytics/Frameworks/frameworks\"",
					"\"${PODS_ROOT}/FirebaseAuth/Frameworks/frameworks\"",
					"\"${PODS_ROOT}/FirebaseCore/Frameworks/frameworks\"",
					"\"${PODS_ROOT}/FirebaseDatabase/Frameworks\"",
					"\"${PODS_ROOT}/FirebaseInstanceID/Frameworks/frameworks\"",
					"\"${PODS_ROOT}/FirebaseUI/FirebaseUIFrameworks/FirebaseAuthUI/Frameworks\"",
					"\"${PODS_ROOT}/FirebaseUI/FirebaseUIFrameworks/FirebaseDatabaseUI/Frameworks\"",
					"\"${PODS_ROOT}/FirebaseUI/FirebaseUIFrameworks/FirebaseFacebookAuthUI/Frameworks\"",
					"\"${PODS_ROOT}/FirebaseUI/FirebaseUIFrameworks/FirebaseGoogleAuthUI/Frameworks\"",
					"\"${PODS_ROOT}/GoogleAppUtilities/Frameworks/frameworks\"",
					"\"${PODS_ROOT}/GoogleAuthUtilities/Frameworks/frameworks\"",
					"\"${PODS_ROOT}/GoogleInterchangeUtilities/Frameworks/frameworks\"",
					"\"${PODS_ROOT}/GoogleNetworkingUtilities/Frameworks/frameworks\"",
					"\"${PODS_ROOT}/GoogleSignIn/Frameworks\"",
					"\"${PODS_ROOT}/GoogleSymbolUtilities/Frameworks/frameworks\"",
					"\"${PODS_ROOT}/GoogleUtilities/Frameworks/frameworks\"",
					"~/Documents/FacebookSDK",
				);
				INFOPLIST_FILE = "Think Every Day/Info.plist";
				LD_RUNPATH_SEARCH_PATHS = "$(inherited) @executable_path/Frameworks";
				PRODUCT_BUNDLE_IDENTIFIER = .com.thinkeveryday.ios;
				PRODUCT_NAME = "$(TARGET_NAME)";
				SWIFT_OBJC_BRIDGING_HEADER = "Think Every Day/Think Every Day-Bridging-Header.h";
				SWIFT_VERSION = 3.0;
			};
			name = Release;
		};
		8A7878CE1D94752F0062EF79 /* Debug */ = {
			isa = XCBuildConfiguration;
			buildSettings = {
				ALWAYS_EMBED_SWIFT_STANDARD_LIBRARIES = YES;
				BUNDLE_LOADER = "$(TEST_HOST)";
				DEVELOPMENT_TEAM = 9SZY8LSBZM;
				INFOPLIST_FILE = "Think Every DayTests/Info.plist";
				LD_RUNPATH_SEARCH_PATHS = "$(inherited) @executable_path/Frameworks @loader_path/Frameworks";
				PRODUCT_BUNDLE_IDENTIFIER = "TED.Think-Every-DayTests";
				PRODUCT_NAME = "$(TARGET_NAME)";
				SWIFT_VERSION = 3.0;
				TEST_HOST = "$(BUILT_PRODUCTS_DIR)/Think Every Day.app/Think Every Day";
			};
			name = Debug;
		};
		8A7878CF1D94752F0062EF79 /* Release */ = {
			isa = XCBuildConfiguration;
			buildSettings = {
				ALWAYS_EMBED_SWIFT_STANDARD_LIBRARIES = YES;
				BUNDLE_LOADER = "$(TEST_HOST)";
				DEVELOPMENT_TEAM = 9SZY8LSBZM;
				INFOPLIST_FILE = "Think Every DayTests/Info.plist";
				LD_RUNPATH_SEARCH_PATHS = "$(inherited) @executable_path/Frameworks @loader_path/Frameworks";
				PRODUCT_BUNDLE_IDENTIFIER = "TED.Think-Every-DayTests";
				PRODUCT_NAME = "$(TARGET_NAME)";
				SWIFT_VERSION = 3.0;
				TEST_HOST = "$(BUILT_PRODUCTS_DIR)/Think Every Day.app/Think Every Day";
			};
			name = Release;
		};
		8A7878D11D94752F0062EF79 /* Debug */ = {
			isa = XCBuildConfiguration;
			buildSettings = {
				ALWAYS_EMBED_SWIFT_STANDARD_LIBRARIES = YES;
				DEVELOPMENT_TEAM = 9SZY8LSBZM;
				INFOPLIST_FILE = "Think Every DayUITests/Info.plist";
				LD_RUNPATH_SEARCH_PATHS = "$(inherited) @executable_path/Frameworks @loader_path/Frameworks";
				PRODUCT_BUNDLE_IDENTIFIER = "TED.Think-Every-DayUITests";
				PRODUCT_NAME = "$(TARGET_NAME)";
				SWIFT_VERSION = 3.0;
				TEST_TARGET_NAME = "Think Every Day";
			};
			name = Debug;
		};
		8A7878D21D94752F0062EF79 /* Release */ = {
			isa = XCBuildConfiguration;
			buildSettings = {
				ALWAYS_EMBED_SWIFT_STANDARD_LIBRARIES = YES;
				DEVELOPMENT_TEAM = 9SZY8LSBZM;
				INFOPLIST_FILE = "Think Every DayUITests/Info.plist";
				LD_RUNPATH_SEARCH_PATHS = "$(inherited) @executable_path/Frameworks @loader_path/Frameworks";
				PRODUCT_BUNDLE_IDENTIFIER = "TED.Think-Every-DayUITests";
				PRODUCT_NAME = "$(TARGET_NAME)";
				SWIFT_VERSION = 3.0;
				TEST_TARGET_NAME = "Think Every Day";
			};
			name = Release;
		};
/* End XCBuildConfiguration section */

/* Begin XCConfigurationList section */
		8A78789B1D94752E0062EF79 /* Build configuration list for PBXProject "Think Every Day" */ = {
			isa = XCConfigurationList;
			buildConfigurations = (
				8A7878C81D94752F0062EF79 /* Debug */,
				8A7878C91D94752F0062EF79 /* Release */,
			);
			defaultConfigurationIsVisible = 0;
			defaultConfigurationName = Release;
		};
		8A7878CA1D94752F0062EF79 /* Build configuration list for PBXNativeTarget "Think Every Day" */ = {
			isa = XCConfigurationList;
			buildConfigurations = (
				8A7878CB1D94752F0062EF79 /* Debug */,
				8A7878CC1D94752F0062EF79 /* Release */,
			);
			defaultConfigurationIsVisible = 0;
			defaultConfigurationName = Release;
		};
		8A7878CD1D94752F0062EF79 /* Build configuration list for PBXNativeTarget "Think Every DayTests" */ = {
			isa = XCConfigurationList;
			buildConfigurations = (
				8A7878CE1D94752F0062EF79 /* Debug */,
				8A7878CF1D94752F0062EF79 /* Release */,
			);
			defaultConfigurationIsVisible = 0;
			defaultConfigurationName = Release;
		};
		8A7878D01D94752F0062EF79 /* Build configuration list for PBXNativeTarget "Think Every DayUITests" */ = {
			isa = XCConfigurationList;
			buildConfigurations = (
				8A7878D11D94752F0062EF79 /* Debug */,
				8A7878D21D94752F0062EF79 /* Release */,
			);
			defaultConfigurationIsVisible = 0;
			defaultConfigurationName = Release;
		};
/* End XCConfigurationList section */
	};
	rootObject = 8A7878981D94752E0062EF79 /* Project object */;
}
